
Microsoft Visual Studio Solution File, Format Version 12.00
# Visual Studio Version 17
VisualStudioVersion = 17.11.35219.272
MinimumVisualStudioVersion = 10.0.40219.1
Project("{FAE04EC0-301F-11D3-BF4B-00C04F79EFBC}") = "ThisIsAWebsite", "ThisIsAWebsite\ThisIsAWebsite.csproj", "{5EE8209B-D00C-4EB5-A021-6FB02B5909F6}"
EndProject
Global
	GlobalSection(SolutionConfigurationPlatforms) = preSolution
		Debug|Any CPU = Debug|Any CPU
		Release|Any CPU = Release|Any CPU
	EndGlobalSection
	GlobalSection(ProjectConfigurationPlatforms) = postSolution
		{5EE8209B-D00C-4EB5-A021-6FB02B5909F6}.Debug|Any CPU.ActiveCfg = Debug|Any CPU
		{5EE8209B-D00C-4EB5-A021-6FB02B5909F6}.Debug|Any CPU.Build.0 = Debug|Any CPU
		{5EE8209B-D00C-4EB5-A021-6FB02B5909F6}.Release|Any CPU.ActiveCfg = Release|Any CPU
		{5EE8209B-D00C-4EB5-A021-6FB02B5909F6}.Release|Any CPU.Build.0 = Release|Any CPU
	EndGlobalSection
	GlobalSection(SolutionProperties) = preSolution
		HideSolutionNode = FALSE
	EndGlobalSection
	GlobalSection(ExtensibilityGlobals) = postSolution
		SolutionGuid = {227F4F2C-4CCE-4ACF-9867-37027EDA08D5}
	EndGlobalSection
EndGlobal
